
Microsoft Visual Studio Solution File, Format Version 12.00
# Visual Studio 15
VisualStudioVersion = 15.0.26430.12
MinimumVisualStudioVersion = 10.0.40219.1
Project("{FAE04EC0-301F-11D3-BF4B-00C04F79EFBC}") = "WebScraper.Web", "Web\WebScraper.Web.csproj", "{10CC7C3D-4A66-4D19-B6BE-1A4FC04520D2}"
EndProject
Project("{00D1A9C2-B5F0-4AF3-8072-F6C62B433612}") = "WebScraper.Database", "Database\WebScraper.Database.sqlproj", "{18366751-9CF6-4EBE-9A75-91D0F0A9D782}"
EndProject
Project("{FAE04EC0-301F-11D3-BF4B-00C04F79EFBC}") = "WebScraper.Models", "Models\WebScraper.Models.csproj", "{97F68050-C920-45E0-B134-33492ADDFA82}"
EndProject
Project("{FAE04EC0-301F-11D3-BF4B-00C04F79EFBC}") = "WebScraper.Services", "Services\WebScraper.Services.csproj", "{F2ECB673-DF04-4BE6-A3D0-5190E5A7C70E}"
EndProject
Global
	GlobalSection(SolutionConfigurationPlatforms) = preSolution
		Debug|Any CPU = Debug|Any CPU
		Release|Any CPU = Release|Any CPU
	EndGlobalSection
	GlobalSection(ProjectConfigurationPlatforms) = postSolution
		{10CC7C3D-4A66-4D19-B6BE-1A4FC04520D2}.Debug|Any CPU.ActiveCfg = Debug|Any CPU
		{10CC7C3D-4A66-4D19-B6BE-1A4FC04520D2}.Debug|Any CPU.Build.0 = Debug|Any CPU
		{10CC7C3D-4A66-4D19-B6BE-1A4FC04520D2}.Release|Any CPU.ActiveCfg = Release|Any CPU
		{10CC7C3D-4A66-4D19-B6BE-1A4FC04520D2}.Release|Any CPU.Build.0 = Release|Any CPU
		{18366751-9CF6-4EBE-9A75-91D0F0A9D782}.Debug|Any CPU.ActiveCfg = Debug|Any CPU
		{18366751-9CF6-4EBE-9A75-91D0F0A9D782}.Debug|Any CPU.Build.0 = Debug|Any CPU
		{18366751-9CF6-4EBE-9A75-91D0F0A9D782}.Debug|Any CPU.Deploy.0 = Debug|Any CPU
		{18366751-9CF6-4EBE-9A75-91D0F0A9D782}.Release|Any CPU.ActiveCfg = Release|Any CPU
		{18366751-9CF6-4EBE-9A75-91D0F0A9D782}.Release|Any CPU.Build.0 = Release|Any CPU
		{18366751-9CF6-4EBE-9A75-91D0F0A9D782}.Release|Any CPU.Deploy.0 = Release|Any CPU
		{97F68050-C920-45E0-B134-33492ADDFA82}.Debug|Any CPU.ActiveCfg = Debug|Any CPU
		{97F68050-C920-45E0-B134-33492ADDFA82}.Debug|Any CPU.Build.0 = Debug|Any CPU
		{97F68050-C920-45E0-B134-33492ADDFA82}.Release|Any CPU.ActiveCfg = Release|Any CPU
		{97F68050-C920-45E0-B134-33492ADDFA82}.Release|Any CPU.Build.0 = Release|Any CPU
		{F2ECB673-DF04-4BE6-A3D0-5190E5A7C70E}.Debug|Any CPU.ActiveCfg = Debug|Any CPU
		{F2ECB673-DF04-4BE6-A3D0-5190E5A7C70E}.Debug|Any CPU.Build.0 = Debug|Any CPU
		{F2ECB673-DF04-4BE6-A3D0-5190E5A7C70E}.Release|Any CPU.ActiveCfg = Release|Any CPU
		{F2ECB673-DF04-4BE6-A3D0-5190E5A7C70E}.Release|Any CPU.Build.0 = Release|Any CPU
	EndGlobalSection
	GlobalSection(SolutionProperties) = preSolution
		HideSolutionNode = FALSE
	EndGlobalSection
EndGlobal
